
Microsoft Visual Studio Solution File, Format Version 12.00
# Visual Studio 2017
Project("{FAE04EC0-301F-11D3-BF4B-00C04F79EFBC}") = "NMCNPM", "NMCNPM.csproj", "{80F9CB9B-2484-854D-C130-31E454FBFF56}"
EndProject
Project("{FAE04EC0-301F-11D3-BF4B-00C04F79EFBC}") = "NMCNPM.Editor", "NMCNPM.Editor.csproj", "{30CFA578-88B9-7960-1782-25FB91329C61}"
EndProject
Global
	GlobalSection(SolutionConfigurationPlatforms) = preSolution
		Debug|Any CPU = Debug|Any CPU
		Release|Any CPU = Release|Any CPU
	EndGlobalSection
	GlobalSection(ProjectConfigurationPlatforms) = postSolution
		{80F9CB9B-2484-854D-C130-31E454FBFF56}.Debug|Any CPU.ActiveCfg = Debug|Any CPU
		{80F9CB9B-2484-854D-C130-31E454FBFF56}.Debug|Any CPU.Build.0 = Debug|Any CPU
		{80F9CB9B-2484-854D-C130-31E454FBFF56}.Release|Any CPU.ActiveCfg = Release|Any CPU
		{80F9CB9B-2484-854D-C130-31E454FBFF56}.Release|Any CPU.Build.0 = Release|Any CPU
		{30CFA578-88B9-7960-1782-25FB91329C61}.Debug|Any CPU.ActiveCfg = Debug|Any CPU
		{30CFA578-88B9-7960-1782-25FB91329C61}.Debug|Any CPU.Build.0 = Debug|Any CPU
		{30CFA578-88B9-7960-1782-25FB91329C61}.Release|Any CPU.ActiveCfg = Release|Any CPU
		{30CFA578-88B9-7960-1782-25FB91329C61}.Release|Any CPU.Build.0 = Release|Any CPU
	EndGlobalSection
	GlobalSection(SolutionProperties) = preSolution
		HideSolutionNode = FALSE
	EndGlobalSection
EndGlobal
