
Microsoft Visual Studio Solution File, Format Version 11.00
# Visual Studio 2010
Project("{FAE04EC0-301F-11D3-BF4B-00C04F79EFBC}") = "nmcnpn", "Assembly-CSharp.csproj", "{AE72BBC5-12BD-4343-8E02-13388FE1B0B9}"
EndProject
Project("{FAE04EC0-301F-11D3-BF4B-00C04F79EFBC}") = "nmcnpn", "Assembly-CSharp-Editor.csproj", "{3CE6F0F4-28B3-5B11-F9CF-04032F5AE66B}"
EndProject
Global
	GlobalSection(SolutionConfigurationPlatforms) = preSolution
		Debug|Any CPU = Debug|Any CPU
		Release|Any CPU = Release|Any CPU
	EndGlobalSection
	GlobalSection(ProjectConfigurationPlatforms) = postSolution
		{AE72BBC5-12BD-4343-8E02-13388FE1B0B9}.Debug|Any CPU.ActiveCfg = Debug|Any CPU
		{AE72BBC5-12BD-4343-8E02-13388FE1B0B9}.Debug|Any CPU.Build.0 = Debug|Any CPU
		{AE72BBC5-12BD-4343-8E02-13388FE1B0B9}.Release|Any CPU.ActiveCfg = Release|Any CPU
		{AE72BBC5-12BD-4343-8E02-13388FE1B0B9}.Release|Any CPU.Build.0 = Release|Any CPU
		{3CE6F0F4-28B3-5B11-F9CF-04032F5AE66B}.Debug|Any CPU.ActiveCfg = Debug|Any CPU
		{3CE6F0F4-28B3-5B11-F9CF-04032F5AE66B}.Debug|Any CPU.Build.0 = Debug|Any CPU
		{3CE6F0F4-28B3-5B11-F9CF-04032F5AE66B}.Release|Any CPU.ActiveCfg = Release|Any CPU
		{3CE6F0F4-28B3-5B11-F9CF-04032F5AE66B}.Release|Any CPU.Build.0 = Release|Any CPU
	EndGlobalSection
	GlobalSection(SolutionProperties) = preSolution
		HideSolutionNode = FALSE
	EndGlobalSection
	GlobalSection(MonoDevelopProperties) = preSolution
		StartupItem = Assembly-CSharp.csproj
	EndGlobalSection
EndGlobal
